
Microsoft Visual Studio Solution File, Format Version 12.00
# Visual Studio 14
VisualStudioVersion = 14.0.25420.1
MinimumVisualStudioVersion = 10.0.40219.1
Project("{FAE04EC0-301F-11D3-BF4B-00C04F79EFBC}") = "PunjabLab", "PunjabLab\PunjabLab.csproj", "{F0377F86-47B1-4F4B-9E77-83C16A0C28AA}"
EndProject
Project("{54435603-DBB4-11D2-8724-00A0C9A8B90C}") = "MyLabInstaller", "MyLabInstaller\MyLabInstaller.vdproj", "{2F832173-4CF4-4032-8DA4-3FCD50DB07B4}"
EndProject
Global
	GlobalSection(SolutionConfigurationPlatforms) = preSolution
		Debug|Any CPU = Debug|Any CPU
		Release|Any CPU = Release|Any CPU
	EndGlobalSection
	GlobalSection(ProjectConfigurationPlatforms) = postSolution
		{F0377F86-47B1-4F4B-9E77-83C16A0C28AA}.Debug|Any CPU.ActiveCfg = Debug|Any CPU
		{F0377F86-47B1-4F4B-9E77-83C16A0C28AA}.Debug|Any CPU.Build.0 = Debug|Any CPU
		{F0377F86-47B1-4F4B-9E77-83C16A0C28AA}.Release|Any CPU.ActiveCfg = Release|Any CPU
		{F0377F86-47B1-4F4B-9E77-83C16A0C28AA}.Release|Any CPU.Build.0 = Release|Any CPU
		{2F832173-4CF4-4032-8DA4-3FCD50DB07B4}.Debug|Any CPU.ActiveCfg = Debug
		{2F832173-4CF4-4032-8DA4-3FCD50DB07B4}.Release|Any CPU.ActiveCfg = Release
	EndGlobalSection
	GlobalSection(SolutionProperties) = preSolution
		HideSolutionNode = FALSE
	EndGlobalSection
EndGlobal
